
Microsoft Visual Studio Solution File, Format Version 12.00
# Visual Studio 15
VisualStudioVersion = 15.0.28010.0
MinimumVisualStudioVersion = 10.0.40219.1
Project("{FAE04EC0-301F-11D3-BF4B-00C04F79EFBC}") = "1111", "WpfApp3\1111.csproj", "{AF8C85CF-3A6C-44FD-8A05-DC2847E1475C}"
EndProject
Global
	GlobalSection(SolutionConfigurationPlatforms) = preSolution
		Debug|Any CPU = Debug|Any CPU
		Release|Any CPU = Release|Any CPU
	EndGlobalSection
	GlobalSection(ProjectConfigurationPlatforms) = postSolution
		{AF8C85CF-3A6C-44FD-8A05-DC2847E1475C}.Debug|Any CPU.ActiveCfg = Debug|Any CPU
		{AF8C85CF-3A6C-44FD-8A05-DC2847E1475C}.Debug|Any CPU.Build.0 = Debug|Any CPU
		{AF8C85CF-3A6C-44FD-8A05-DC2847E1475C}.Release|Any CPU.ActiveCfg = Release|Any CPU
		{AF8C85CF-3A6C-44FD-8A05-DC2847E1475C}.Release|Any CPU.Build.0 = Release|Any CPU
	EndGlobalSection
	GlobalSection(SolutionProperties) = preSolution
		HideSolutionNode = FALSE
	EndGlobalSection
	GlobalSection(ExtensibilityGlobals) = postSolution
		SolutionGuid = {AB1C8002-61EC-4B5F-AC37-BDA54BCB6BE5}
	EndGlobalSection
EndGlobal
